
Microsoft Visual Studio Solution File, Format Version 12.00
# Visual Studio Version 16
VisualStudioVersion = 16.0.30128.74
MinimumVisualStudioVersion = 10.0.40219.1
Project("{FAE04EC0-301F-11D3-BF4B-00C04F79EFBC}") = "LeetCode Checker", "LeetCode Checker.csproj", "{E8EC8C46-9DB6-4E06-868E-472A0610F9AC}"
EndProject
Global
	GlobalSection(SolutionConfigurationPlatforms) = preSolution
		Debug|Any CPU = Debug|Any CPU
		Release|Any CPU = Release|Any CPU
	EndGlobalSection
	GlobalSection(ProjectConfigurationPlatforms) = postSolution
		{E8EC8C46-9DB6-4E06-868E-472A0610F9AC}.Debug|Any CPU.ActiveCfg = Debug|Any CPU
		{E8EC8C46-9DB6-4E06-868E-472A0610F9AC}.Debug|Any CPU.Build.0 = Debug|Any CPU
		{E8EC8C46-9DB6-4E06-868E-472A0610F9AC}.Release|Any CPU.ActiveCfg = Release|Any CPU
		{E8EC8C46-9DB6-4E06-868E-472A0610F9AC}.Release|Any CPU.Build.0 = Release|Any CPU
	EndGlobalSection
	GlobalSection(SolutionProperties) = preSolution
		HideSolutionNode = FALSE
	EndGlobalSection
	GlobalSection(ExtensibilityGlobals) = postSolution
		SolutionGuid = {ACCDFFDD-D474-432B-B23E-F098C57ED123}
	EndGlobalSection
EndGlobal
